# pflow-js.lock — browser modules vendored from pflow-xyz.
#
# DO NOT EDIT THE VENDORED FILES IN THIS REPO. Change them in pflow-xyz and
# re-run ./scripts/pflow-js.sh sync. `check` fails the build otherwise.
#
# source: github.com/pflow-xyz/pflow-xyz @ 09a4e2ed78c0e977cf58d35f24f8acce9748f095
#
# <sha256>  <path in this repo>  <path in pflow-xyz>
55d9bb5572b847ce0500b193167e2c214537b57938051116585b671165032adc  public/petri-sim.js  public/petri-sim.js
624b5822052312e0ebf5ee4dacff16dfeea4b080ab02a22d00be779b859b1338  public/petri-solver.js  public/petri-solver.js
2d629f9cfeaea63e81c62246478de3030e3ab4194f209ded575448012781b426  public/petri-colors.js  public/petri-colors.js
42369a401a6c98698ae65f445c103fb9ced53a4838c6c3347c2ef1d76012086a  public/petri-view.js  public/petri-view.js
b24650d367eb76d2fd5e9b6d77b26e42e318871d83babc45ca6552192713aca4  public/petri-view.css  public/petri-view.css
e7433149124fc3e509e672a6d8f0f068073c5889a03d6dc99a8dc1eee3fa6747  public/seal-cid.mjs  public/seal-cid.mjs
2351cfe38a2a2f573211353195d6e2058311b5944e57e4d9664c3a83d4590859  public/vendor/jsonld.bundle.mjs  public/vendor/jsonld.bundle.mjs
