# pflow-js.lock — browser modules vendored from pflow-xyz.
#
# DO NOT EDIT THE VENDORED FILES IN THIS REPO. Change them in pflow-xyz and
# re-run ./scripts/pflow-js.sh sync. `check` fails the build otherwise.
#
# source: github.com/pflow-xyz/pflow-xyz @ 845abac0b0d94ae6366a2a5ae280a97f23728a06
#
# <sha256>  <path in this repo>  <path in pflow-xyz>
55d9bb5572b847ce0500b193167e2c214537b57938051116585b671165032adc  public/petri-sim.js  public/petri-sim.js
8d24e3289f5d12f0ff0d13925b774314b45e74a6b8873d2efc8bfb94a1c9c828  public/petri-solver.js  public/petri-solver.js
2d629f9cfeaea63e81c62246478de3030e3ab4194f209ded575448012781b426  public/petri-colors.js  public/petri-colors.js
4c3f9e5ee3a50d712e85c9690ab0f68130a91489fdbdcbfa500ff868dafd69e6  public/petri-view.js  public/petri-view.js
e7433149124fc3e509e672a6d8f0f068073c5889a03d6dc99a8dc1eee3fa6747  public/seal-cid.mjs  public/seal-cid.mjs
2351cfe38a2a2f573211353195d6e2058311b5944e57e4d9664c3a83d4590859  public/vendor/jsonld.bundle.mjs  public/vendor/jsonld.bundle.mjs
